
Microsoft Visual Studio Solution File, Format Version 12.00
# Visual Studio Version 17
VisualStudioVersion = 17.9.34701.34
MinimumVisualStudioVersion = 10.0.40219.1
Project("{FAE04EC0-301F-11D3-BF4B-00C04F79EFBC}") = "HomeworkTranslator", "HomeworkTranslator\HomeworkTranslator.csproj", "{6049B4E7-57D6-40D3-BE3C-96FC46AA4CDB}"
EndProject
Global
	GlobalSection(SolutionConfigurationPlatforms) = preSolution
		Debug|Any CPU = Debug|Any CPU
		Release|Any CPU = Release|Any CPU
	EndGlobalSection
	GlobalSection(ProjectConfigurationPlatforms) = postSolution
		{6049B4E7-57D6-40D3-BE3C-96FC46AA4CDB}.Debug|Any CPU.ActiveCfg = Debug|Any CPU
		{6049B4E7-57D6-40D3-BE3C-96FC46AA4CDB}.Debug|Any CPU.Build.0 = Debug|Any CPU
		{6049B4E7-57D6-40D3-BE3C-96FC46AA4CDB}.Release|Any CPU.ActiveCfg = Release|Any CPU
		{6049B4E7-57D6-40D3-BE3C-96FC46AA4CDB}.Release|Any CPU.Build.0 = Release|Any CPU
	EndGlobalSection
	GlobalSection(SolutionProperties) = preSolution
		HideSolutionNode = FALSE
	EndGlobalSection
	GlobalSection(ExtensibilityGlobals) = postSolution
		SolutionGuid = {D60AEBBC-C70A-405C-93F1-9D5BA3D24E95}
	EndGlobalSection
EndGlobal
