
Microsoft Visual Studio Solution File, Format Version 12.00
# Visual Studio Version 17
VisualStudioVersion = 17.9.34701.34
MinimumVisualStudioVersion = 10.0.40219.1
Project("{FAE04EC0-301F-11D3-BF4B-00C04F79EFBC}") = "casino", "casino\casino.csproj", "{5DB0FF2C-552D-493B-A623-C3C981B5EE89}"
EndProject
Global
	GlobalSection(SolutionConfigurationPlatforms) = preSolution
		Debug|Any CPU = Debug|Any CPU
		Release|Any CPU = Release|Any CPU
	EndGlobalSection
	GlobalSection(ProjectConfigurationPlatforms) = postSolution
		{5DB0FF2C-552D-493B-A623-C3C981B5EE89}.Debug|Any CPU.ActiveCfg = Debug|Any CPU
		{5DB0FF2C-552D-493B-A623-C3C981B5EE89}.Debug|Any CPU.Build.0 = Debug|Any CPU
		{5DB0FF2C-552D-493B-A623-C3C981B5EE89}.Release|Any CPU.ActiveCfg = Release|Any CPU
		{5DB0FF2C-552D-493B-A623-C3C981B5EE89}.Release|Any CPU.Build.0 = Release|Any CPU
	EndGlobalSection
	GlobalSection(SolutionProperties) = preSolution
		HideSolutionNode = FALSE
	EndGlobalSection
	GlobalSection(ExtensibilityGlobals) = postSolution
		SolutionGuid = {64A12CA7-4590-4164-BB8D-07597AB21D7F}
	EndGlobalSection
EndGlobal
