
Microsoft Visual Studio Solution File, Format Version 12.00
# Visual Studio Version 17
VisualStudioVersion = 17.9.34701.34
MinimumVisualStudioVersion = 10.0.40219.1
Project("{FAE04EC0-301F-11D3-BF4B-00C04F79EFBC}") = "дз Казино", "дз Казино\дз Казино.csproj", "{C496015E-8ECE-4A27-A9E2-8A1DD05A80C2}"
EndProject
Global
	GlobalSection(SolutionConfigurationPlatforms) = preSolution
		Debug|Any CPU = Debug|Any CPU
		Release|Any CPU = Release|Any CPU
	EndGlobalSection
	GlobalSection(ProjectConfigurationPlatforms) = postSolution
		{C496015E-8ECE-4A27-A9E2-8A1DD05A80C2}.Debug|Any CPU.ActiveCfg = Debug|Any CPU
		{C496015E-8ECE-4A27-A9E2-8A1DD05A80C2}.Debug|Any CPU.Build.0 = Debug|Any CPU
		{C496015E-8ECE-4A27-A9E2-8A1DD05A80C2}.Release|Any CPU.ActiveCfg = Release|Any CPU
		{C496015E-8ECE-4A27-A9E2-8A1DD05A80C2}.Release|Any CPU.Build.0 = Release|Any CPU
	EndGlobalSection
	GlobalSection(SolutionProperties) = preSolution
		HideSolutionNode = FALSE
	EndGlobalSection
	GlobalSection(ExtensibilityGlobals) = postSolution
		SolutionGuid = {2EEAC469-27F0-4987-94FB-FBEEA08BC302}
	EndGlobalSection
EndGlobal
